
Microsoft Visual Studio Solution File, Format Version 12.00
# Visual Studio Version 17
VisualStudioVersion = 17.3.32825.248
MinimumVisualStudioVersion = 10.0.40219.1
Project("{FAE04EC0-301F-11D3-BF4B-00C04F79EFBC}") = "WebCatalog", "WebCatalog\WebCatalog.csproj", "{5E517D02-4BE1-45D6-9081-9ADB94C30560}"
EndProject
Global
	GlobalSection(SolutionConfigurationPlatforms) = preSolution
		Debug|Any CPU = Debug|Any CPU
		Release|Any CPU = Release|Any CPU
	EndGlobalSection
	GlobalSection(ProjectConfigurationPlatforms) = postSolution
		{5E517D02-4BE1-45D6-9081-9ADB94C30560}.Debug|Any CPU.ActiveCfg = Debug|Any CPU
		{5E517D02-4BE1-45D6-9081-9ADB94C30560}.Debug|Any CPU.Build.0 = Debug|Any CPU
		{5E517D02-4BE1-45D6-9081-9ADB94C30560}.Release|Any CPU.ActiveCfg = Release|Any CPU
		{5E517D02-4BE1-45D6-9081-9ADB94C30560}.Release|Any CPU.Build.0 = Release|Any CPU
	EndGlobalSection
	GlobalSection(SolutionProperties) = preSolution
		HideSolutionNode = FALSE
	EndGlobalSection
	GlobalSection(ExtensibilityGlobals) = postSolution
		SolutionGuid = {145D8BB7-63A7-4714-8AA8-533D48A78DD2}
	EndGlobalSection
EndGlobal
